{
  "name": "gk-jan-test",
  "version": "1.0.0",
  "lockfileVersion": 1,
  "requires": true,
  "dependencies": {
    "@jan/gk-jan-test-dep": {
      "version": "1.0.0",
      "resolved": "https://registry.npmjs.org/@jan/gk-jan-test-dep/-/gk-jan-test-dep-1.0.0.tgz",
      "integrity": "sha512-3vklS25Pecm8NSrzZQxs6Xufn/yQ+gZ8FuYmoWDE/6fqMDlVg2+VKyCuLzyEZnpbH0UBXAr2F8lzkybcNwdLMQ=="
    }
  }
}
